Microsoft Visual Studio Solution File, Format Version 12.00
# Visual Studio Version 16
VisualStudioVersion = 16.0.31205.134
MinimumVisualStudioVersion = 10.0.40219.1
Project("{FAE04EC0-301F-11D3-BF4B-00C04F79EFBC}") = "dotNetBytes", "dotNetBytes.csproj", "{D1FFA0DC-0ACC-4108-ADC1-2A71122C09AF}"
EndProject
Project("{FAE04EC0-301F-11D3-BF4B-00C04F79EFBC}") = "Tests", "Tests\Tests.csproj", "{51E066FB-215F-4523-94F3-DDC414D37717}"
EndProject
Project("{2150E333-8FDC-42A3-9474-1A3956D46DE8}") = "Solution Items", "Solution Items", "{B5341D8D-AF13-44B5-BFBD-049FC2C55C4D}"
	ProjectSection(SolutionItems) = preProject
		.editorconfig = .editorconfig
	EndProjectSection
EndProject
Global
	GlobalSection(SolutionConfigurationPlatforms) = preSolution
		Debug|Any CPU = Debug|Any CPU
		Release|Any CPU = Release|Any CPU
	EndGlobalSection
	GlobalSection(ProjectConfigurationPlatforms) = postSolution
		{D1FFA0DC-0ACC-4108-ADC1-2A71122C09AF}.Debug|Any CPU.ActiveCfg = Debug|x86
		{D1FFA0DC-0ACC-4108-ADC1-2A71122C09AF}.Debug|Any CPU.Build.0 = Debug|x86
		{D1FFA0DC-0ACC-4108-ADC1-2A71122C09AF}.Release|Any CPU.ActiveCfg = Debug|x86
		{D1FFA0DC-0ACC-4108-ADC1-2A71122C09AF}.Release|Any CPU.Build.0 = Debug|x86
		{51E066FB-215F-4523-94F3-DDC414D37717}.Debug|Any CPU.ActiveCfg = Debug|Any CPU
		{51E066FB-215F-4523-94F3-DDC414D37717}.Debug|Any CPU.Build.0 = Debug|Any CPU
		{51E066FB-215F-4523-94F3-DDC414D37717}.Release|Any CPU.ActiveCfg = Release|Any CPU
		{51E066FB-215F-4523-94F3-DDC414D37717}.Release|Any CPU.Build.0 = Release|Any CPU
	EndGlobalSection
	GlobalSection(SolutionProperties) = preSolution
		HideSolutionNode = FALSE
	EndGlobalSection
	GlobalSection(ExtensibilityGlobals) = postSolution
		SolutionGuid = {410352CA-66BD-4618-B451-1C6C54967F45}
	EndGlobalSection
EndGlobal
